
Microsoft Visual Studio Solution File, Format Version 11.00
# Visual Studio 2010
Project("{FAE04EC0-301F-11D3-BF4B-00C04F79EFBC}") = "Assembly-CSharp", "Assembly-CSharp.csproj", "{0F709D8C-F91B-DA64-02FE-2E58C0ADEC28}"
EndProject
Project("{FAE04EC0-301F-11D3-BF4B-00C04F79EFBC}") = "Assembly-CSharp-firstpass", "Assembly-CSharp-firstpass.csproj", "{863893BF-820E-C19C-097C-A2BBA2BB6BFA}"
EndProject
Project("{FAE04EC0-301F-11D3-BF4B-00C04F79EFBC}") = "Assembly-CSharp-Editor-firstpass", "Assembly-CSharp-Editor-firstpass.csproj", "{4EAD7768-3FFA-469C-EA08-0CCB6EAF94B3}"
EndProject
Global
	GlobalSection(SolutionConfigurationPlatforms) = preSolution
		Debug|Any CPU = Debug|Any CPU
		Release|Any CPU = Release|Any CPU
	EndGlobalSection
	GlobalSection(ProjectConfigurationPlatforms) = postSolution
		{0F709D8C-F91B-DA64-02FE-2E58C0ADEC28}.Debug|Any CPU.ActiveCfg = Debug|Any CPU
		{0F709D8C-F91B-DA64-02FE-2E58C0ADEC28}.Debug|Any CPU.Build.0 = Debug|Any CPU
		{0F709D8C-F91B-DA64-02FE-2E58C0ADEC28}.Release|Any CPU.ActiveCfg = Release|Any CPU
		{0F709D8C-F91B-DA64-02FE-2E58C0ADEC28}.Release|Any CPU.Build.0 = Release|Any CPU
		{863893BF-820E-C19C-097C-A2BBA2BB6BFA}.Debug|Any CPU.ActiveCfg = Debug|Any CPU
		{863893BF-820E-C19C-097C-A2BBA2BB6BFA}.Debug|Any CPU.Build.0 = Debug|Any CPU
		{863893BF-820E-C19C-097C-A2BBA2BB6BFA}.Release|Any CPU.ActiveCfg = Release|Any CPU
		{863893BF-820E-C19C-097C-A2BBA2BB6BFA}.Release|Any CPU.Build.0 = Release|Any CPU
		{4EAD7768-3FFA-469C-EA08-0CCB6EAF94B3}.Debug|Any CPU.ActiveCfg = Debug|Any CPU
		{4EAD7768-3FFA-469C-EA08-0CCB6EAF94B3}.Debug|Any CPU.Build.0 = Debug|Any CPU
		{4EAD7768-3FFA-469C-EA08-0CCB6EAF94B3}.Release|Any CPU.ActiveCfg = Release|Any CPU
		{4EAD7768-3FFA-469C-EA08-0CCB6EAF94B3}.Release|Any CPU.Build.0 = Release|Any CPU
	EndGlobalSection
	GlobalSection(SolutionProperties) = preSolution
		HideSolutionNode = FALSE
	EndGlobalSection
	GlobalSection(MonoDevelopProperties) = preSolution
		StartupItem = Assembly-CSharp.csproj
	EndGlobalSection
EndGlobal
